
Microsoft Visual Studio Solution File, Format Version 12.00
# Visual Studio Version 17
VisualStudioVersion = 17.8.34601.278
MinimumVisualStudioVersion = 10.0.40219.1
Project("{9A19103F-16F7-4668-BE54-9A1E7A4F7556}") = "DapperTest", "DapperTest.csproj", "{4A5414D5-AC4E-4040-A59C-6E74035116CC}"
	ProjectSection(ProjectDependencies) = postProject
		{76AC9B90-6023-4063-B6D1-863F11178756} = {76AC9B90-6023-4063-B6D1-863F11178756}
		{9946DB78-471E-43E4-9253-7AD0AC783B7F} = {9946DB78-471E-43E4-9253-7AD0AC783B7F}
	EndProjectSection
EndProject
Project("{9A19103F-16F7-4668-BE54-9A1E7A4F7556}") = "DapperTest.Service", "DapperTest.Service\DapperTest.Service.csproj", "{E4E24D13-6119-4F92-8931-31246065853C}"
	ProjectSection(ProjectDependencies) = postProject
		{76AC9B90-6023-4063-B6D1-863F11178756} = {76AC9B90-6023-4063-B6D1-863F11178756}
		{9946DB78-471E-43E4-9253-7AD0AC783B7F} = {9946DB78-471E-43E4-9253-7AD0AC783B7F}
	EndProjectSection
EndProject
Project("{9A19103F-16F7-4668-BE54-9A1E7A4F7556}") = "DapperTest.Common", "DapperTest.Common\DapperTest.Common.csproj", "{76AC9B90-6023-4063-B6D1-863F11178756}"
EndProject
Project("{9A19103F-16F7-4668-BE54-9A1E7A4F7556}") = "DapperTest.Repository", "DapperTest.Repository\DapperTest.Repository.csproj", "{9946DB78-471E-43E4-9253-7AD0AC783B7F}"
EndProject
Global
	GlobalSection(SolutionConfigurationPlatforms) = preSolution
		Debug|Any CPU = Debug|Any CPU
		Release|Any CPU = Release|Any CPU
	EndGlobalSection
	GlobalSection(ProjectConfigurationPlatforms) = postSolution
		{4A5414D5-AC4E-4040-A59C-6E74035116CC}.Debug|Any CPU.ActiveCfg = Debug|Any CPU
		{4A5414D5-AC4E-4040-A59C-6E74035116CC}.Debug|Any CPU.Build.0 = Debug|Any CPU
		{4A5414D5-AC4E-4040-A59C-6E74035116CC}.Release|Any CPU.ActiveCfg = Release|Any CPU
		{4A5414D5-AC4E-4040-A59C-6E74035116CC}.Release|Any CPU.Build.0 = Release|Any CPU
		{E4E24D13-6119-4F92-8931-31246065853C}.Debug|Any CPU.ActiveCfg = Debug|Any CPU
		{E4E24D13-6119-4F92-8931-31246065853C}.Debug|Any CPU.Build.0 = Debug|Any CPU
		{E4E24D13-6119-4F92-8931-31246065853C}.Release|Any CPU.ActiveCfg = Release|Any CPU
		{E4E24D13-6119-4F92-8931-31246065853C}.Release|Any CPU.Build.0 = Release|Any CPU
		{76AC9B90-6023-4063-B6D1-863F11178756}.Debug|Any CPU.ActiveCfg = Debug|Any CPU
		{76AC9B90-6023-4063-B6D1-863F11178756}.Debug|Any CPU.Build.0 = Debug|Any CPU
		{76AC9B90-6023-4063-B6D1-863F11178756}.Release|Any CPU.ActiveCfg = Release|Any CPU
		{76AC9B90-6023-4063-B6D1-863F11178756}.Release|Any CPU.Build.0 = Release|Any CPU
		{9946DB78-471E-43E4-9253-7AD0AC783B7F}.Debug|Any CPU.ActiveCfg = Debug|Any CPU
		{9946DB78-471E-43E4-9253-7AD0AC783B7F}.Debug|Any CPU.Build.0 = Debug|Any CPU
		{9946DB78-471E-43E4-9253-7AD0AC783B7F}.Release|Any CPU.ActiveCfg = Release|Any CPU
		{9946DB78-471E-43E4-9253-7AD0AC783B7F}.Release|Any CPU.Build.0 = Release|Any CPU
	EndGlobalSection
	GlobalSection(SolutionProperties) = preSolution
		HideSolutionNode = FALSE
	EndGlobalSection
	GlobalSection(ExtensibilityGlobals) = postSolution
		SolutionGuid = {A6844A15-1809-4CF3-8D6C-768A9D07506D}
	EndGlobalSection
EndGlobal
